// !$*UTF8*$!
{
	archiveVersion = 1;
	classes = {
	};
	objectVersion = 46;
	objects = {

/* Begin PBXBuildFile section */
		ACCDE4651DE9961900E6C255 /* KKLuaHttp.h in Headers */ = {isa = PBXBuildFile; fileRef = ACCDE4631DE9961900E6C255 /* KKLuaHttp.h */; settings = {ATTRIBUTES = (Public, ); }; };
		ACCDE47D1DE9A68000E6C255 /* KKLuaHttpSession.h in Headers */ = {isa = PBXBuildFile; fileRef = ACCDE47B1DE9A68000E6C255 /* KKLuaHttpSession.h */; settings = {ATTRIBUTES = (Public, ); }; };
		ACCDE47E1DE9A68000E6C255 /* KKLuaHttpSession.m in Sources */ = {isa = PBXBuildFile; fileRef = ACCDE47C1DE9A68000E6C255 /* KKLuaHttpSession.m */; };
		ACCDE4851DE9B0B300E6C255 /* KKLuaHttpData.h in Headers */ = {isa = PBXBuildFile; fileRef = ACCDE4831DE9B0B300E6C255 /* KKLuaHttpData.h */; settings = {ATTRIBUTES = (Public, ); }; };
		ACCDE4861DE9B0B300E6C255 /* KKLuaHttpData.m in Sources */ = {isa = PBXBuildFile; fileRef = ACCDE4841DE9B0B300E6C255 /* KKLuaHttpData.m */; };
		ACCDE48F1DE9C72200E6C255 /* main.m in Sources */ = {isa = PBXBuildFile; fileRef = ACCDE48E1DE9C72200E6C255 /* main.m */; };
		ACCDE4921DE9C72200E6C255 /* AppDelegate.m in Sources */ = {isa = PBXBuildFile; fileRef = ACCDE4911DE9C72200E6C255 /* AppDelegate.m */; };
		ACCDE4951DE9C72200E6C255 /* ViewController.m in Sources */ = {isa = PBXBuildFile; fileRef = ACCDE4941DE9C72200E6C255 /* ViewController.m */; };
		ACCDE4981DE9C72200E6C255 /* Main.storyboard in Resources */ = {isa = PBXBuildFile; fileRef = ACCDE4961DE9C72200E6C255 /* Main.storyboard */; };
		ACCDE49A1DE9C72200E6C255 /* Assets.xcassets in Resources */ = {isa = PBXBuildFile; fileRef = ACCDE4991DE9C72200E6C255 /* Assets.xcassets */; };
		ACCDE49D1DE9C72200E6C255 /* LaunchScreen.storyboard in Resources */ = {isa = PBXBuildFile; fileRef = ACCDE49B1DE9C72200E6C255 /* LaunchScreen.storyboard */; };
		ACCDE4A61DE9C73100E6C255 /* KKLuaHttp.framework in Frameworks */ = {isa = PBXBuildFile; fileRef = ACCDE4601DE9961900E6C255 /* KKLuaHttp.framework */; };
		ACCDE4A71DE9C73100E6C255 /* KKLua.framework in Frameworks */ = {isa = PBXBuildFile; fileRef = ACCDE4741DE9965D00E6C255 /* KKLua.framework */; };
		ACCDE4A91DE9C78800E6C255 /* main.lua in Resources */ = {isa = PBXBuildFile; fileRef = ACCDE4A81DE9C78800E6C255 /* main.lua */; };
/* End PBXBuildFile section */

/* Begin PBXContainerItemProxy section */
		ACCDE4731DE9965D00E6C255 /* PBXContainerItemProxy */ = {
			isa = PBXContainerItemProxy;
			containerPortal = ACCDE46F1DE9965D00E6C255 /* KKLua.xcodeproj */;
			proxyType = 2;
			remoteGlobalIDString = ACCDE3361DE93E7800E6C255;
			remoteInfo = KKLua;
		};
		ACCDE4751DE9966400E6C255 /* PBXContainerItemProxy */ = {
			isa = PBXContainerItemProxy;
			containerPortal = ACCDE46F1DE9965D00E6C255 /* KKLua.xcodeproj */;
			proxyType = 1;
			remoteGlobalIDString = ACCDE3351DE93E7800E6C255;
			remoteInfo = KKLua;
		};
		ACCDE4A21DE9C72900E6C255 /* PBXContainerItemProxy */ = {
			isa = PBXContainerItemProxy;
			containerPortal = ACCDE4571DE9961900E6C255 /* Project object */;
			proxyType = 1;
			remoteGlobalIDString = ACCDE45F1DE9961900E6C255;
			remoteInfo = KKLuaHttp;
		};
		ACCDE4A41DE9C72B00E6C255 /* PBXContainerItemProxy */ = {
			isa = PBXContainerItemProxy;
			containerPortal = ACCDE46F1DE9965D00E6C255 /* KKLua.xcodeproj */;
			proxyType = 1;
			remoteGlobalIDString = ACCDE3351DE93E7800E6C255;
			remoteInfo = KKLua;
		};
/* End PBXContainerItemProxy section */

/* Begin PBXFileReference section */
		ACCDE4601DE9961900E6C255 /* KKLuaHttp.framework */ = {isa = PBXFileReference; explicitFileType = wrapper.framework; includeInIndex = 0; path = KKLuaHttp.framework; sourceTree = BUILT_PRODUCTS_DIR; };
		ACCDE4631DE9961900E6C255 /* KKLuaHttp.h */ = {isa = PBXFileReference; lastKnownFileType = sourcecode.c.h; path = KKLuaHttp.h; sourceTree = "<group>"; };
		ACCDE4641DE9961900E6C255 /* Info.plist */ = {isa = PBXFileReference; lastKnownFileType = text.plist.xml; path = Info.plist; sourceTree = "<group>"; };
		ACCDE46F1DE9965D00E6C255 /* KKLua.xcodeproj */ = {isa = PBXFileReference; lastKnownFileType = "wrapper.pb-project"; name = KKLua.xcodeproj; path = "../../kk-ios-lua/KKLua/KKLua.xcodeproj"; sourceTree = "<group>"; };
		ACCDE47B1DE9A68000E6C255 /* KKLuaHttpSession.h */ = {isa = PBXFileReference; fileEncoding = 4; lastKnownFileType = sourcecode.c.h; path = KKLuaHttpSession.h; sourceTree = "<group>"; };
		ACCDE47C1DE9A68000E6C255 /* KKLuaHttpSession.m */ = {isa = PBXFileReference; fileEncoding = 4; lastKnownFileType = sourcecode.c.objc; path = KKLuaHttpSession.m; sourceTree = "<group>"; };
		ACCDE4831DE9B0B300E6C255 /* KKLuaHttpData.h */ = {isa = PBXFileReference; fileEncoding = 4; lastKnownFileType = sourcecode.c.h; path = KKLuaHttpData.h; sourceTree = "<group>"; };
		ACCDE4841DE9B0B300E6C255 /* KKLuaHttpData.m */ = {isa = PBXFileReference; fileEncoding = 4; lastKnownFileType = sourcecode.c.objc; path = KKLuaHttpData.m; sourceTree = "<group>"; };
		ACCDE48B1DE9C72200E6C255 /* Demo.app */ = {isa = PBXFileReference; explicitFileType = wrapper.application; includeInIndex = 0; path = Demo.app; sourceTree = BUILT_PRODUCTS_DIR; };
		ACCDE48E1DE9C72200E6C255 /* main.m */ = {isa = PBXFileReference; lastKnownFileType = sourcecode.c.objc; path = main.m; sourceTree = "<group>"; };
		ACCDE4901DE9C72200E6C255 /* AppDelegate.h */ = {isa = PBXFileReference; lastKnownFileType = sourcecode.c.h; path = AppDelegate.h; sourceTree = "<group>"; };
		ACCDE4911DE9C72200E6C255 /* AppDelegate.m */ = {isa = PBXFileReference; lastKnownFileType = sourcecode.c.objc; path = AppDelegate.m; sourceTree = "<group>"; };
		ACCDE4931DE9C72200E6C255 /* ViewController.h */ = {isa = PBXFileReference; lastKnownFileType = sourcecode.c.h; path = ViewController.h; sourceTree = "<group>"; };
		ACCDE4941DE9C72200E6C255 /* ViewController.m */ = {isa = PBXFileReference; lastKnownFileType = sourcecode.c.objc; path = ViewController.m; sourceTree = "<group>"; };
		ACCDE4971DE9C72200E6C255 /* Base */ = {isa = PBXFileReference; lastKnownFileType = file.storyboard; name = Base; path = Base.lproj/Main.storyboard; sourceTree = "<group>"; };
		ACCDE4991DE9C72200E6C255 /* Assets.xcassets */ = {isa = PBXFileReference; lastKnownFileType = folder.assetcatalog; path = Assets.xcassets; sourceTree = "<group>"; };
		ACCDE49C1DE9C72200E6C255 /* Base */ = {isa = PBXFileReference; lastKnownFileType = file.storyboard; name = Base; path = Base.lproj/LaunchScreen.storyboard; sourceTree = "<group>"; };
		ACCDE49E1DE9C72200E6C255 /* Info.plist */ = {isa = PBXFileReference; lastKnownFileType = text.plist.xml; path = Info.plist; sourceTree = "<group>"; };
		ACCDE4A81DE9C78800E6C255 /* main.lua */ = {isa = PBXFileReference; fileEncoding = 4; lastKnownFileType = text; path = main.lua; sourceTree = "<group>"; };
/* End PBXFileReference section */

/* Begin PBXFrameworksBuildPhase section */
		ACCDE45C1DE9961900E6C255 /* Frameworks */ = {
			isa = PBXFrameworksBuildPhase;
			buildActionMask = 2147483647;
			files = (
			);
			runOnlyForDeploymentPostprocessing = 0;
		};
		ACCDE4881DE9C72200E6C255 /* Frameworks */ = {
			isa = PBXFrameworksBuildPhase;
			buildActionMask = 2147483647;
			files = (
				ACCDE4A61DE9C73100E6C255 /* KKLuaHttp.framework in Frameworks */,
				ACCDE4A71DE9C73100E6C255 /* KKLua.framework in Frameworks */,
			);
			runOnlyForDeploymentPostprocessing = 0;
		};
/* End PBXFrameworksBuildPhase section */

/* Begin PBXGroup section */
		ACCDE4561DE9961900E6C255 = {
			isa = PBXGroup;
			children = (
				ACCDE46F1DE9965D00E6C255 /* KKLua.xcodeproj */,
				ACCDE4621DE9961900E6C255 /* KKLuaHttp */,
				ACCDE48C1DE9C72200E6C255 /* Demo */,
				ACCDE4611DE9961900E6C255 /* Products */,
			);
			sourceTree = "<group>";
		};
		ACCDE4611DE9961900E6C255 /* Products */ = {
			isa = PBXGroup;
			children = (
				ACCDE4601DE9961900E6C255 /* KKLuaHttp.framework */,
				ACCDE48B1DE9C72200E6C255 /* Demo.app */,
			);
			name = Products;
			sourceTree = "<group>";
		};
		ACCDE4621DE9961900E6C255 /* KKLuaHttp */ = {
			isa = PBXGroup;
			children = (
				ACCDE4631DE9961900E6C255 /* KKLuaHttp.h */,
				ACCDE4641DE9961900E6C255 /* Info.plist */,
				ACCDE47B1DE9A68000E6C255 /* KKLuaHttpSession.h */,
				ACCDE47C1DE9A68000E6C255 /* KKLuaHttpSession.m */,
				ACCDE4831DE9B0B300E6C255 /* KKLuaHttpData.h */,
				ACCDE4841DE9B0B300E6C255 /* KKLuaHttpData.m */,
			);
			path = KKLuaHttp;
			sourceTree = "<group>";
		};
		ACCDE4701DE9965D00E6C255 /* Products */ = {
			isa = PBXGroup;
			children = (
				ACCDE4741DE9965D00E6C255 /* KKLua.framework */,
			);
			name = Products;
			sourceTree = "<group>";
		};
		ACCDE48C1DE9C72200E6C255 /* Demo */ = {
			isa = PBXGroup;
			children = (
				ACCDE4901DE9C72200E6C255 /* AppDelegate.h */,
				ACCDE4911DE9C72200E6C255 /* AppDelegate.m */,
				ACCDE4931DE9C72200E6C255 /* ViewController.h */,
				ACCDE4941DE9C72200E6C255 /* ViewController.m */,
				ACCDE4961DE9C72200E6C255 /* Main.storyboard */,
				ACCDE4991DE9C72200E6C255 /* Assets.xcassets */,
				ACCDE49B1DE9C72200E6C255 /* LaunchScreen.storyboard */,
				ACCDE49E1DE9C72200E6C255 /* Info.plist */,
				ACCDE48D1DE9C72200E6C255 /* Supporting Files */,
				ACCDE4A81DE9C78800E6C255 /* main.lua */,
			);
			path = Demo;
			sourceTree = "<group>";
		};
		ACCDE48D1DE9C72200E6C255 /* Supporting Files */ = {
			isa = PBXGroup;
			children = (
				ACCDE48E1DE9C72200E6C255 /* main.m */,
			);
			name = "Supporting Files";
			sourceTree = "<group>";
		};
/* End PBXGroup section */

/* Begin PBXHeadersBuildPhase section */
		ACCDE45D1DE9961900E6C255 /* Headers */ = {
			isa = PBXHeadersBuildPhase;
			buildActionMask = 2147483647;
			files = (
				ACCDE4851DE9B0B300E6C255 /* KKLuaHttpData.h in Headers */,
				ACCDE47D1DE9A68000E6C255 /* KKLuaHttpSession.h in Headers */,
				ACCDE4651DE9961900E6C255 /* KKLuaHttp.h in Headers */,
			);
			runOnlyForDeploymentPostprocessing = 0;
		};
/* End PBXHeadersBuildPhase section */

/* Begin PBXNativeTarget section */
		ACCDE45F1DE9961900E6C255 /* KKLuaHttp */ = {
			isa = PBXNativeTarget;
			buildConfigurationList = ACCDE4681DE9961900E6C255 /* Build configuration list for PBXNativeTarget "KKLuaHttp" */;
			buildPhases = (
				ACCDE45B1DE9961900E6C255 /* Sources */,
				ACCDE45C1DE9961900E6C255 /* Frameworks */,
				ACCDE45D1DE9961900E6C255 /* Headers */,
				ACCDE45E1DE9961900E6C255 /* Resources */,
			);
			buildRules = (
			);
			dependencies = (
				ACCDE4761DE9966400E6C255 /* PBXTargetDependency */,
			);
			name = KKLuaHttp;
			productName = KKLuaHttp;
			productReference = ACCDE4601DE9961900E6C255 /* KKLuaHttp.framework */;
			productType = "com.apple.product-type.framework";
		};
		ACCDE48A1DE9C72200E6C255 /* Demo */ = {
			isa = PBXNativeTarget;
			buildConfigurationList = ACCDE49F1DE9C72200E6C255 /* Build configuration list for PBXNativeTarget "Demo" */;
			buildPhases = (
				ACCDE4871DE9C72200E6C255 /* Sources */,
				ACCDE4881DE9C72200E6C255 /* Frameworks */,
				ACCDE4891DE9C72200E6C255 /* Resources */,
			);
			buildRules = (
			);
			dependencies = (
				ACCDE4A51DE9C72B00E6C255 /* PBXTargetDependency */,
				ACCDE4A31DE9C72900E6C255 /* PBXTargetDependency */,
			);
			name = Demo;
			productName = Demo;
			productReference = ACCDE48B1DE9C72200E6C255 /* Demo.app */;
			productType = "com.apple.product-type.application";
		};
/* End PBXNativeTarget section */

/* Begin PBXProject section */
		ACCDE4571DE9961900E6C255 /* Project object */ = {
			isa = PBXProject;
			attributes = {
				LastUpgradeCheck = 0800;
				ORGANIZATIONNAME = kkserver.cn;
				TargetAttributes = {
					ACCDE45F1DE9961900E6C255 = {
						CreatedOnToolsVersion = 8.0;
						DevelopmentTeam = BQQ2Y9B27K;
						ProvisioningStyle = Automatic;
					};
					ACCDE48A1DE9C72200E6C255 = {
						CreatedOnToolsVersion = 8.0;
						DevelopmentTeam = BQQ2Y9B27K;
						ProvisioningStyle = Automatic;
					};
				};
			};
			buildConfigurationList = ACCDE45A1DE9961900E6C255 /* Build configuration list for PBXProject "KKLuaHttp" */;
			compatibilityVersion = "Xcode 3.2";
			developmentRegion = English;
			hasScannedForEncodings = 0;
			knownRegions = (
				en,
				Base,
			);
			mainGroup = ACCDE4561DE9961900E6C255;
			productRefGroup = ACCDE4611DE9961900E6C255 /* Products */;
			projectDirPath = "";
			projectReferences = (
				{
					ProductGroup = ACCDE4701DE9965D00E6C255 /* Products */;
					ProjectRef = ACCDE46F1DE9965D00E6C255 /* KKLua.xcodeproj */;
				},
			);
			projectRoot = "";
			targets = (
				ACCDE45F1DE9961900E6C255 /* KKLuaHttp */,
				ACCDE48A1DE9C72200E6C255 /* Demo */,
			);
		};
/* End PBXProject section */

/* Begin PBXReferenceProxy section */
		ACCDE4741DE9965D00E6C255 /* KKLua.framework */ = {
			isa = PBXReferenceProxy;
			fileType = wrapper.framework;
			path = KKLua.framework;
			remoteRef = ACCDE4731DE9965D00E6C255 /* PBXContainerItemProxy */;
			sourceTree = BUILT_PRODUCTS_DIR;
		};
/* End PBXReferenceProxy section */

/* Begin PBXResourcesBuildPhase section */
		ACCDE45E1DE9961900E6C255 /* Resources */ = {
			isa = PBXResourcesBuildPhase;
			buildActionMask = 2147483647;
			files = (
			);
			runOnlyForDeploymentPostprocessing = 0;
		};
		ACCDE4891DE9C72200E6C255 /* Resources */ = {
			isa = PBXResourcesBuildPhase;
			buildActionMask = 2147483647;
			files = (
				ACCDE49D1DE9C72200E6C255 /* LaunchScreen.storyboard in Resources */,
				ACCDE4A91DE9C78800E6C255 /* main.lua in Resources */,
				ACCDE49A1DE9C72200E6C255 /* Assets.xcassets in Resources */,
				ACCDE4981DE9C72200E6C255 /* Main.storyboard in Resources */,
			);
			runOnlyForDeploymentPostprocessing = 0;
		};
/* End PBXResourcesBuildPhase section */

/* Begin PBXSourcesBuildPhase section */
		ACCDE45B1DE9961900E6C255 /* Sources */ = {
			isa = PBXSourcesBuildPhase;
			buildActionMask = 2147483647;
			files = (
				ACCDE47E1DE9A68000E6C255 /* KKLuaHttpSession.m in Sources */,
				ACCDE4861DE9B0B300E6C255 /* KKLuaHttpData.m in Sources */,
			);
			runOnlyForDeploymentPostprocessing = 0;
		};
		ACCDE4871DE9C72200E6C255 /* Sources */ = {
			isa = PBXSourcesBuildPhase;
			buildActionMask = 2147483647;
			files = (
				ACCDE4951DE9C72200E6C255 /* ViewController.m in Sources */,
				ACCDE4921DE9C72200E6C255 /* AppDelegate.m in Sources */,
				ACCDE48F1DE9C72200E6C255 /* main.m in Sources */,
			);
			runOnlyForDeploymentPostprocessing = 0;
		};
/* End PBXSourcesBuildPhase section */

/* Begin PBXTargetDependency section */
		ACCDE4761DE9966400E6C255 /* PBXTargetDependency */ = {
			isa = PBXTargetDependency;
			name = KKLua;
			targetProxy = ACCDE4751DE9966400E6C255 /* PBXContainerItemProxy */;
		};
		ACCDE4A31DE9C72900E6C255 /* PBXTargetDependency */ = {
			isa = PBXTargetDependency;
			target = ACCDE45F1DE9961900E6C255 /* KKLuaHttp */;
			targetProxy = ACCDE4A21DE9C72900E6C255 /* PBXContainerItemProxy */;
		};
		ACCDE4A51DE9C72B00E6C255 /* PBXTargetDependency */ = {
			isa = PBXTargetDependency;
			name = KKLua;
			targetProxy = ACCDE4A41DE9C72B00E6C255 /* PBXContainerItemProxy */;
		};
/* End PBXTargetDependency section */

/* Begin PBXVariantGroup section */
		ACCDE4961DE9C72200E6C255 /* Main.storyboard */ = {
			isa = PBXVariantGroup;
			children = (
				ACCDE4971DE9C72200E6C255 /* Base */,
			);
			name = Main.storyboard;
			sourceTree = "<group>";
		};
		ACCDE49B1DE9C72200E6C255 /* LaunchScreen.storyboard */ = {
			isa = PBXVariantGroup;
			children = (
				ACCDE49C1DE9C72200E6C255 /* Base */,
			);
			name = LaunchScreen.storyboard;
			sourceTree = "<group>";
		};
/* End PBXVariantGroup section */

/* Begin XCBuildConfiguration section */
		ACCDE4661DE9961900E6C255 /* Debug */ = {
			isa = XCBuildConfiguration;
			buildSettings = {
				ALWAYS_SEARCH_USER_PATHS = NO;
				CLANG_ANALYZER_NONNULL = YES;
				CLANG_CXX_LANGUAGE_STANDARD = "gnu++0x";
				CLANG_CXX_LIBRARY = "libc++";
				CLANG_ENABLE_MODULES = YES;
				CLANG_ENABLE_OBJC_ARC = YES;
				CLANG_WARN_BOOL_CONVERSION = YES;
				CLANG_WARN_CONSTANT_CONVERSION = YES;
				CLANG_WARN_DIRECT_OBJC_ISA_USAGE = YES_ERROR;
				CLANG_WARN_DOCUMENTATION_COMMENTS = YES;
				CLANG_WARN_EMPTY_BODY = YES;
				CLANG_WARN_ENUM_CONVERSION = YES;
				CLANG_WARN_INFINITE_RECURSION = YES;
				CLANG_WARN_INT_CONVERSION = YES;
				CLANG_WARN_OBJC_ROOT_CLASS = YES_ERROR;
				CLANG_WARN_SUSPICIOUS_MOVES = YES;
				CLANG_WARN_UNREACHABLE_CODE = YES;
				CLANG_WARN__DUPLICATE_METHOD_MATCH = YES;
				"CODE_SIGN_IDENTITY[sdk=iphoneos*]" = "iPhone Developer";
				COPY_PHASE_STRIP = NO;
				CURRENT_PROJECT_VERSION = 1;
				DEBUG_INFORMATION_FORMAT = dwarf;
				ENABLE_STRICT_OBJC_MSGSEND = YES;
				ENABLE_TESTABILITY = YES;
				GCC_C_LANGUAGE_STANDARD = gnu99;
				GCC_DYNAMIC_NO_PIC = NO;
				GCC_NO_COMMON_BLOCKS = YES;
				GCC_OPTIMIZATION_LEVEL = 0;
				GCC_PREPROCESSOR_DEFINITIONS = (
					"DEBUG=1",
					"$(inherited)",
				);
				GCC_WARN_64_TO_32_BIT_CONVERSION = YES;
				GCC_WARN_ABOUT_RETURN_TYPE = YES_ERROR;
				GCC_WARN_UNDECLARED_SELECTOR = YES;
				GCC_WARN_UNINITIALIZED_AUTOS = YES_AGGRESSIVE;
				GCC_WARN_UNUSED_FUNCTION = YES;
				GCC_WARN_UNUSED_VARIABLE = YES;
				IPHONEOS_DEPLOYMENT_TARGET = 10.0;
				MTL_ENABLE_DEBUG_INFO = YES;
				ONLY_ACTIVE_ARCH = YES;
				SDKROOT = iphoneos;
				SWIFT_ACTIVE_COMPILATION_CONDITIONS = DEBUG;
				SWIFT_OPTIMIZATION_LEVEL = "-Onone";
				TARGETED_DEVICE_FAMILY = "1,2";
				VERSIONING_SYSTEM = "apple-generic";
				VERSION_INFO_PREFIX = "";
			};
			name = Debug;
		};
		ACCDE4671DE9961900E6C255 /* Release */ = {
			isa = XCBuildConfiguration;
			buildSettings = {
				ALWAYS_SEARCH_USER_PATHS = NO;
				CLANG_ANALYZER_NONNULL = YES;
				CLANG_CXX_LANGUAGE_STANDARD = "gnu++0x";
				CLANG_CXX_LIBRARY = "libc++";
				CLANG_ENABLE_MODULES = YES;
				CLANG_ENABLE_OBJC_ARC = YES;
				CLANG_WARN_BOOL_CONVERSION = YES;
				CLANG_WARN_CONSTANT_CONVERSION = YES;
				CLANG_WARN_DIRECT_OBJC_ISA_USAGE = YES_ERROR;
				CLANG_WARN_DOCUMENTATION_COMMENTS = YES;
				CLANG_WARN_EMPTY_BODY = YES;
				CLANG_WARN_ENUM_CONVERSION = YES;
				CLANG_WARN_INFINITE_RECURSION = YES;
				CLANG_WARN_INT_CONVERSION = YES;
				CLANG_WARN_OBJC_ROOT_CLASS = YES_ERROR;
				CLANG_WARN_SUSPICIOUS_MOVES = YES;
				CLANG_WARN_UNREACHABLE_CODE = YES;
				CLANG_WARN__DUPLICATE_METHOD_MATCH = YES;
				"CODE_SIGN_IDENTITY[sdk=iphoneos*]" = "iPhone Developer";
				COPY_PHASE_STRIP = NO;
				CURRENT_PROJECT_VERSION = 1;
				DEBUG_INFORMATION_FORMAT = "dwarf-with-dsym";
				ENABLE_NS_ASSERTIONS = NO;
				ENABLE_STRICT_OBJC_MSGSEND = YES;
				GCC_C_LANGUAGE_STANDARD = gnu99;
				GCC_NO_COMMON_BLOCKS = YES;
				GCC_WARN_64_TO_32_BIT_CONVERSION = YES;
				GCC_WARN_ABOUT_RETURN_TYPE = YES_ERROR;
				GCC_WARN_UNDECLARED_SELECTOR = YES;
				GCC_WARN_UNINITIALIZED_AUTOS = YES_AGGRESSIVE;
				GCC_WARN_UNUSED_FUNCTION = YES;
				GCC_WARN_UNUSED_VARIABLE = YES;
				IPHONEOS_DEPLOYMENT_TARGET = 10.0;
				MTL_ENABLE_DEBUG_INFO = NO;
				SDKROOT = iphoneos;
				SWIFT_OPTIMIZATION_LEVEL = "-Owholemodule";
				TARGETED_DEVICE_FAMILY = "1,2";
				VALIDATE_PRODUCT = YES;
				VERSIONING_SYSTEM = "apple-generic";
				VERSION_INFO_PREFIX = "";
			};
			name = Release;
		};
		ACCDE4691DE9961900E6C255 /* Debug */ = {
			isa = XCBuildConfiguration;
			buildSettings = {
				CODE_SIGN_IDENTITY = "";
				DEFINES_MODULE = YES;
				DEVELOPMENT_TEAM = BQQ2Y9B27K;
				DYLIB_COMPATIBILITY_VERSION = 1;
				DYLIB_CURRENT_VERSION = 1;
				DYLIB_INSTALL_NAME_BASE = "@rpath";
				INFOPLIST_FILE = KKLuaHttp/Info.plist;
				INSTALL_PATH = "$(LOCAL_LIBRARY_DIR)/Frameworks";
				LD_RUNPATH_SEARCH_PATHS = "$(inherited) @executable_path/Frameworks @loader_path/Frameworks";
				PRODUCT_BUNDLE_IDENTIFIER = cn.kkserver.KKLuaHttp;
				PRODUCT_NAME = "$(TARGET_NAME)";
				SKIP_INSTALL = YES;
				SWIFT_VERSION = 3.0;
			};
			name = Debug;
		};
		ACCDE46A1DE9961900E6C255 /* Release */ = {
			isa = XCBuildConfiguration;
			buildSettings = {
				CODE_SIGN_IDENTITY = "";
				DEFINES_MODULE = YES;
				DEVELOPMENT_TEAM = BQQ2Y9B27K;
				DYLIB_COMPATIBILITY_VERSION = 1;
				DYLIB_CURRENT_VERSION = 1;
				DYLIB_INSTALL_NAME_BASE = "@rpath";
				INFOPLIST_FILE = KKLuaHttp/Info.plist;
				INSTALL_PATH = "$(LOCAL_LIBRARY_DIR)/Frameworks";
				LD_RUNPATH_SEARCH_PATHS = "$(inherited) @executable_path/Frameworks @loader_path/Frameworks";
				PRODUCT_BUNDLE_IDENTIFIER = cn.kkserver.KKLuaHttp;
				PRODUCT_NAME = "$(TARGET_NAME)";
				SKIP_INSTALL = YES;
				SWIFT_VERSION = 3.0;
			};
			name = Release;
		};
		ACCDE4A01DE9C72200E6C255 /* Debug */ = {
			isa = XCBuildConfiguration;
			buildSettings = {
				ASSETCATALOG_COMPILER_APPICON_NAME = AppIcon;
				DEVELOPMENT_TEAM = BQQ2Y9B27K;
				INFOPLIST_FILE = Demo/Info.plist;
				IPHONEOS_DEPLOYMENT_TARGET = 8.0;
				LD_RUNPATH_SEARCH_PATHS = "$(inherited) @executable_path/Frameworks";
				PRODUCT_BUNDLE_IDENTIFIER = cn.kkserver.Demo;
				PRODUCT_NAME = "$(TARGET_NAME)";
			};
			name = Debug;
		};
		ACCDE4A11DE9C72200E6C255 /* Release */ = {
			isa = XCBuildConfiguration;
			buildSettings = {
				ASSETCATALOG_COMPILER_APPICON_NAME = AppIcon;
				DEVELOPMENT_TEAM = BQQ2Y9B27K;
				INFOPLIST_FILE = Demo/Info.plist;
				IPHONEOS_DEPLOYMENT_TARGET = 8.0;
				LD_RUNPATH_SEARCH_PATHS = "$(inherited) @executable_path/Frameworks";
				PRODUCT_BUNDLE_IDENTIFIER = cn.kkserver.Demo;
				PRODUCT_NAME = "$(TARGET_NAME)";
			};
			name = Release;
		};
/* End XCBuildConfiguration section */

/* Begin XCConfigurationList section */
		ACCDE45A1DE9961900E6C255 /* Build configuration list for PBXProject "KKLuaHttp" */ = {
			isa = XCConfigurationList;
			buildConfigurations = (
				ACCDE4661DE9961900E6C255 /* Debug */,
				ACCDE4671DE9961900E6C255 /* Release */,
			);
			defaultConfigurationIsVisible = 0;
			defaultConfigurationName = Release;
		};
		ACCDE4681DE9961900E6C255 /* Build configuration list for PBXNativeTarget "KKLuaHttp" */ = {
			isa = XCConfigurationList;
			buildConfigurations = (
				ACCDE4691DE9961900E6C255 /* Debug */,
				ACCDE46A1DE9961900E6C255 /* Release */,
			);
			defaultConfigurationIsVisible = 0;
		};
		ACCDE49F1DE9C72200E6C255 /* Build configuration list for PBXNativeTarget "Demo" */ = {
			isa = XCConfigurationList;
			buildConfigurations = (
				ACCDE4A01DE9C72200E6C255 /* Debug */,
				ACCDE4A11DE9C72200E6C255 /* Release */,
			);
			defaultConfigurationIsVisible = 0;
		};
/* End XCConfigurationList section */
	};
	rootObject = ACCDE4571DE9961900E6C255 /* Project object */;
}
